
Microsoft Visual Studio Solution File, Format Version 12.00
# Visual Studio Version 17
VisualStudioVersion = 17.2.32616.157
MinimumVisualStudioVersion = 10.0.40219.1
Project("{FAE04EC0-301F-11D3-BF4B-00C04F79EFBC}") = "AsyncExample", "AsyncExample.csproj", "{6EAE0A87-711B-4924-8C20-E438C48B8EA2}"
EndProject
Global
	GlobalSection(SolutionConfigurationPlatforms) = preSolution
		Debug|Any CPU = Debug|Any CPU
		Release|Any CPU = Release|Any CPU
	EndGlobalSection
	GlobalSection(ProjectConfigurationPlatforms) = postSolution
		{6EAE0A87-711B-4924-8C20-E438C48B8EA2}.Debug|Any CPU.ActiveCfg = Debug|Any CPU
		{6EAE0A87-711B-4924-8C20-E438C48B8EA2}.Debug|Any CPU.Build.0 = Debug|Any CPU
		{6EAE0A87-711B-4924-8C20-E438C48B8EA2}.Release|Any CPU.ActiveCfg = Release|Any CPU
		{6EAE0A87-711B-4924-8C20-E438C48B8EA2}.Release|Any CPU.Build.0 = Release|Any CPU
	EndGlobalSection
	GlobalSection(SolutionProperties) = preSolution
		HideSolutionNode = FALSE
	EndGlobalSection
	GlobalSection(ExtensibilityGlobals) = postSolution
		SolutionGuid = {19F1172D-7346-4415-B658-7299DB1C7F90}
	EndGlobalSection
EndGlobal
